
Microsoft Visual Studio Solution File, Format Version 12.00
# Visual Studio Version 16
VisualStudioVersion = 16.0.29020.237
MinimumVisualStudioVersion = 10.0.40219.1
Project("{9A19103F-16F7-4668-BE54-9A1E7A4F7556}") = "xdcb.Domain", "src\xdcb.Domain\xdcb.Domain.csproj", "{554AD327-6DBA-4F8F-96F8-81CE7A0C863F}"
EndProject
Project("{9A19103F-16F7-4668-BE54-9A1E7A4F7556}") = "xdcb.Application", "src\xdcb.Application\xdcb.Application.csproj", "{1A94A50E-06DC-43C1-80B5-B662820EC3EB}"
EndProject
Project("{9A19103F-16F7-4668-BE54-9A1E7A4F7556}") = "xdcb.EntityFrameworkCore", "src\xdcb.EntityFrameworkCore\xdcb.EntityFrameworkCore.csproj", "{C956DD76-69C8-4A9C-83EA-D17DF83340FD}"
EndProject
Project("{9A19103F-16F7-4668-BE54-9A1E7A4F7556}") = "xdcb.Web", "src\xdcb.Web\xdcb.Web.csproj", "{068855E8-9240-4F1A-910B-CF825794513B}"
EndProject
Project("{2150E333-8FDC-42A3-9474-1A3956D46DE8}") = "src", "src", "{CA9AC87F-097E-4F15-8393-4BC07735A5B0}"
EndProject
Project("{2150E333-8FDC-42A3-9474-1A3956D46DE8}") = "test", "test", "{04DBDB01-70F4-4E06-B468-8F87850B22BE}"
EndProject
Project("{9A19103F-16F7-4668-BE54-9A1E7A4F7556}") = "xdcb.Application.Tests", "test\xdcb.Application.Tests\xdcb.Application.Tests.csproj", "{50B2631D-129C-47B3-A587-029CCD6099BC}"
EndProject
Project("{9A19103F-16F7-4668-BE54-9A1E7A4F7556}") = "xdcb.Web.Tests", "test\xdcb.Web.Tests\xdcb.Web.Tests.csproj", "{5F1B28C6-8D0C-4155-92D0-252F7EA5F674}"
EndProject
Project("{9A19103F-16F7-4668-BE54-9A1E7A4F7556}") = "xdcb.EntityFrameworkCore.DbMigrations", "src\xdcb.EntityFrameworkCore.DbMigrations\xdcb.EntityFrameworkCore.DbMigrations.csproj", "{0372FA84-C517-4EB3-9A9F-B9ACAC0CA5E0}"
EndProject
Project("{9A19103F-16F7-4668-BE54-9A1E7A4F7556}") = "xdcb.Domain.Shared", "src\xdcb.Domain.Shared\xdcb.Domain.Shared.csproj", "{42F719ED-8413-4895-B5B4-5AB56079BC66}"
EndProject
Project("{9A19103F-16F7-4668-BE54-9A1E7A4F7556}") = "xdcb.Application.Contracts", "src\xdcb.Application.Contracts\xdcb.Application.Contracts.csproj", "{520659C8-C734-4298-A3DA-B539DB9DFC0B}"
EndProject
Project("{9A19103F-16F7-4668-BE54-9A1E7A4F7556}") = "xdcb.HttpApi", "src\xdcb.HttpApi\xdcb.HttpApi.csproj", "{4164BDF7-F527-4E85-9CE6-E3C2D7426A27}"
EndProject
Project("{9A19103F-16F7-4668-BE54-9A1E7A4F7556}") = "xdcb.HttpApi.Client", "src\xdcb.HttpApi.Client\xdcb.HttpApi.Client.csproj", "{3B5A0094-670D-4BB1-BFDD-61B88A8773DC}"
EndProject
Project("{9A19103F-16F7-4668-BE54-9A1E7A4F7556}") = "xdcb.EntityFrameworkCore.Tests", "test\xdcb.EntityFrameworkCore.Tests\xdcb.EntityFrameworkCore.Tests.csproj", "{1FE30EB9-74A9-47F5-A9F6-7B1FAB672D81}"
EndProject
Project("{9A19103F-16F7-4668-BE54-9A1E7A4F7556}") = "xdcb.TestBase", "test\xdcb.TestBase\xdcb.TestBase.csproj", "{91853F21-9CD9-4132-BC29-A7D5D84FFFE7}"
EndProject
Project("{9A19103F-16F7-4668-BE54-9A1E7A4F7556}") = "xdcb.Domain.Tests", "test\xdcb.Domain.Tests\xdcb.Domain.Tests.csproj", "{E512F4D9-9375-480F-A2F6-A46509F9D824}"
EndProject
Project("{9A19103F-16F7-4668-BE54-9A1E7A4F7556}") = "xdcb.HttpApi.Client.ConsoleTestApp", "test\xdcb.HttpApi.Client.ConsoleTestApp\xdcb.HttpApi.Client.ConsoleTestApp.csproj", "{EF480016-9127-4916-8735-D2466BDBC582}"
EndProject
Project("{9A19103F-16F7-4668-BE54-9A1E7A4F7556}") = "xdcb.DbMigrator", "src\xdcb.DbMigrator\xdcb.DbMigrator.csproj", "{AA94D832-1CCC-4715-95A9-A483F23A1A5D}"
EndProject
Project("{2150E333-8FDC-42A3-9474-1A3956D46DE8}") = "modules", "modules", "{B14BA768-B552-4223-8DA7-347C0D1B7032}"
EndProject
Project("{2150E333-8FDC-42A3-9474-1A3956D46DE8}") = "Common", "Common", "{B27C32A3-C419-4E6D-A002-E76A2B07FFA3}"
EndProject
Project("{2150E333-8FDC-42A3-9474-1A3956D46DE8}") = "QuanLyVon", "QuanLyVon", "{C573C891-B251-461C-A33E-8664B7DDEFBC}"
EndProject
Project("{9A19103F-16F7-4668-BE54-9A1E7A4F7556}") = "xdcb.QuanLyVon.Application", "modules\QuanLyVon\xdcb.QuanLyVon.Application\xdcb.QuanLyVon.Application.csproj", "{8C054A93-C919-4316-A73E-2C6E0F164E0F}"
EndProject
Project("{9A19103F-16F7-4668-BE54-9A1E7A4F7556}") = "xdcb.QuanLyVon.Application.Contracts", "modules\QuanLyVon\xdcb.QuanLyVon.Application.Contracts\xdcb.QuanLyVon.Application.Contracts.csproj", "{429D7C5E-AAF2-4D70-B8A7-B9FE66655D2F}"
EndProject
Project("{9A19103F-16F7-4668-BE54-9A1E7A4F7556}") = "xdcb.QuanLyVon.Domain", "modules\QuanLyVon\xdcb.QuanLyVon.Domain\xdcb.QuanLyVon.Domain.csproj", "{66FA611D-B322-49DB-95FD-61A95980A11E}"
EndProject
Project("{9A19103F-16F7-4668-BE54-9A1E7A4F7556}") = "xdcb.QuanLyVon.Domain.Shared", "modules\QuanLyVon\xdcb.QuanLyVon.Domain.Shared\xdcb.QuanLyVon.Domain.Shared.csproj", "{0BB10AFD-BA61-4BED-BDB3-E118E14F16BE}"
EndProject
Project("{9A19103F-16F7-4668-BE54-9A1E7A4F7556}") = "xdcb.QuanLyVon.EntityFrameworkCore", "modules\QuanLyVon\xdcb.QuanLyVon.EntityFrameworkCore\xdcb.QuanLyVon.EntityFrameworkCore.csproj", "{FC24D2DC-A7F9-4E3C-9C95-3781C915A46F}"
EndProject
Project("{9A19103F-16F7-4668-BE54-9A1E7A4F7556}") = "xdcb.QuanLyVon.EntityFrameworkCore.DbMigrations", "modules\QuanLyVon\xdcb.QuanLyVon.EntityFrameworkCore.DbMigrations\xdcb.QuanLyVon.EntityFrameworkCore.DbMigrations.csproj", "{E3C675DA-98D3-4C25-8345-C9A583D0F19D}"
EndProject
Project("{2150E333-8FDC-42A3-9474-1A3956D46DE8}") = "FileService", "FileService", "{7C322981-A4D4-4CE5-9526-B814E5122FF6}"
EndProject
Project("{9A19103F-16F7-4668-BE54-9A1E7A4F7556}") = "xdcb.FileService.EfCore.DbMigrations", "modules\FileService\xdcb.FileService.EfCore.DbMigrations\xdcb.FileService.EfCore.DbMigrations.csproj", "{BC389464-6578-4B4E-8613-4978FA93ADC7}"
EndProject
Project("{9A19103F-16F7-4668-BE54-9A1E7A4F7556}") = "xdcb.FileService.Domain.Shared", "modules\FileService\xdcb.FileService.Domain.Shared\xdcb.FileService.Domain.Shared.csproj", "{EF9E2FCE-F82E-4FE5-831D-9ED66339EA2E}"
EndProject
Project("{9A19103F-16F7-4668-BE54-9A1E7A4F7556}") = "xdcb.FileService.Domain", "modules\FileService\xdcb.FileService.Domain\xdcb.FileService.Domain.csproj", "{FBA52AA6-A30A-4C6F-9DD8-4DC63F95D265}"
EndProject
Project("{9A19103F-16F7-4668-BE54-9A1E7A4F7556}") = "xdcb.FileService.Application.Contracts", "modules\FileService\xdcb.FileService.Application.Contracts\xdcb.FileService.Application.Contracts.csproj", "{C0AF8778-4EA9-469D-828C-9CD6AD8EBD3C}"
EndProject
Project("{9A19103F-16F7-4668-BE54-9A1E7A4F7556}") = "xdcb.FileService.Application", "modules\FileService\xdcb.FileService.Application\xdcb.FileService.Application.csproj", "{958A4B2A-CDA6-4D3D-A53D-C11D45F753E6}"
EndProject
Project("{9A19103F-16F7-4668-BE54-9A1E7A4F7556}") = "xdcb.FileService.EntityFrameworkCore", "modules\FileService\xdcb.FileService.EntityFrameworkCore\xdcb.FileService.EntityFrameworkCore.csproj", "{D11544F2-EDA8-49D7-85AF-C9E24553C74B}"
EndProject
Project("{9A19103F-16F7-4668-BE54-9A1E7A4F7556}") = "xdcb.FileService.Web", "modules\FileService\xdcb.FileService.Web\xdcb.FileService.Web.csproj", "{45F67314-4A21-4A97-AB9F-1CF39BF87EA3}"
EndProject
Project("{9A19103F-16F7-4668-BE54-9A1E7A4F7556}") = "xdcb.Common.Domain.Shared", "modules\common\xdcb.Common.Domain.Shared\xdcb.Common.Domain.Shared.csproj", "{46A8BADC-E9A8-4DC0-8701-DBB80A106CD9}"
EndProject
Project("{9A19103F-16F7-4668-BE54-9A1E7A4F7556}") = "xdcb.Common.Domain", "modules\common\xdcb.Common.Domain\xdcb.Common.Domain.csproj", "{1627D5FD-387D-4A2C-92C1-696B40733BC5}"
EndProject
Project("{9A19103F-16F7-4668-BE54-9A1E7A4F7556}") = "xdcb.Common.EfCore.DbMigrations", "modules\common\xdcb.Common.EfCore.DbMigrations\xdcb.Common.EfCore.DbMigrations.csproj", "{B11718FB-C515-4DD0-A86A-98892820C812}"
EndProject
Project("{9A19103F-16F7-4668-BE54-9A1E7A4F7556}") = "xdcb.Common.EntityFrameworkCore", "modules\common\xdcb.Common.EntityFrameworkCore\xdcb.Common.EntityFrameworkCore.csproj", "{B873790C-744A-4E3E-A085-8731E4C4F7C0}"
EndProject
Project("{9A19103F-16F7-4668-BE54-9A1E7A4F7556}") = "xdcb.Common.Application.Contracts", "modules\common\xdcb.Common.Application.Contracts\xdcb.Common.Application.Contracts.csproj", "{3BF0A26C-CB8B-495F-BB8B-88FF1C3C1510}"
EndProject
Project("{9A19103F-16F7-4668-BE54-9A1E7A4F7556}") = "xdcb.Common.Application", "modules\common\xdcb.Common.Application\xdcb.Common.Application.csproj", "{EB43CA7D-1A50-44B2-AF20-38FC0CE2FEF7}"
EndProject
Project("{9A19103F-16F7-4668-BE54-9A1E7A4F7556}") = "xdcb.Common.Web", "modules\common\xdcb.Common.Web\xdcb.Common.Web.csproj", "{D801BD65-C800-453C-B160-2F590DA25648}"
EndProject
Project("{2150E333-8FDC-42A3-9474-1A3956D46DE8}") = "themes", "themes", "{79FFA129-3A66-42C0-B1E6-6EFC3FD2338F}"
EndProject
Project("{9A19103F-16F7-4668-BE54-9A1E7A4F7556}") = "Abp.AspNetCore.Mvc.UI.Theme.AdminLTE", "themes\theme\Abp.AspNetCore.Mvc.UI.Theme.AdminLTE\Abp.AspNetCore.Mvc.UI.Theme.AdminLTE.csproj", "{17628911-00FE-4BD1-AE0B-DD4328CF4A18}"
EndProject
Project("{2150E333-8FDC-42A3-9474-1A3956D46DE8}") = "HoSoCongTrinh", "HoSoCongTrinh", "{2226D6EC-1A35-49B0-A086-9239BF3491B3}"
EndProject
Project("{9A19103F-16F7-4668-BE54-9A1E7A4F7556}") = "xdcb.HoSoCongTrinh.Application", "modules\HoSoCongTrinh\xdcb.HoSoCongTrinh.Application\xdcb.HoSoCongTrinh.Application.csproj", "{6C7320EE-358D-4490-ACF3-3E6E94B0CCF1}"
EndProject
Project("{9A19103F-16F7-4668-BE54-9A1E7A4F7556}") = "xdcb.HoSoCongTrinh.Application.Contracts", "modules\HoSoCongTrinh\xdcb.HoSoCongTrinh.Application.Contracts\xdcb.HoSoCongTrinh.Application.Contracts.csproj", "{A15A24D1-5A46-48F4-B56C-E38A24FA66F1}"
EndProject
Project("{9A19103F-16F7-4668-BE54-9A1E7A4F7556}") = "xdcb.HoSoCongTrinh.Domain", "modules\HoSoCongTrinh\xdcb.HoSoCongTrinh.Domain\xdcb.HoSoCongTrinh.Domain.csproj", "{53B3B03D-411D-4D97-B014-F445D0349F5D}"
EndProject
Project("{9A19103F-16F7-4668-BE54-9A1E7A4F7556}") = "xdcb.HoSoCongTrinh.Domain.Shared", "modules\HoSoCongTrinh\xdcb.HoSoCongTrinh.Domain.Shared\xdcb.HoSoCongTrinh.Domain.Shared.csproj", "{C18CEAD8-DF5E-4055-A24F-2A0495B29A19}"
EndProject
Project("{9A19103F-16F7-4668-BE54-9A1E7A4F7556}") = "xdcb.HoSoCongTrinh.EntityFrameworkCore", "modules\HoSoCongTrinh\xdcb.HoSoCongTrinh.EntityFrameworkCore\xdcb.HoSoCongTrinh.EntityFrameworkCore.csproj", "{A361E871-4515-4123-AB3C-060F26FE343B}"
EndProject
Project("{9A19103F-16F7-4668-BE54-9A1E7A4F7556}") = "xdcb.HoSoCongTrinh.HttpApi.Client", "modules\HoSoCongTrinh\xdcb.HoSoCongTrinh.HttpApi.Client\xdcb.HoSoCongTrinh.HttpApi.Client.csproj", "{91D3A948-AB3E-44E9-9586-CCAC269B5A88}"
EndProject
Project("{9A19103F-16F7-4668-BE54-9A1E7A4F7556}") = "xdcb.HoSoCongTrinh.HttpApi", "modules\HoSoCongTrinh\xdcb.HoSoCongTrinh.HttpApi\xdcb.HoSoCongTrinh.HttpApi.csproj", "{2673527F-2156-4030-AD28-E212CA84FA8C}"
EndProject
Project("{9A19103F-16F7-4668-BE54-9A1E7A4F7556}") = "xdcb.HoSoCongTrinh.Web", "modules\HoSoCongTrinh\xdcb.HoSoCongTrinh.Web\xdcb.HoSoCongTrinh.Web.csproj", "{406BA71D-BD89-41EE-846C-ECAC6CB98BA4}"
EndProject
Project("{2150E333-8FDC-42A3-9474-1A3956D46DE8}") = "FormServices", "FormServices", "{3B4CFCCC-5A3F-413C-8C4E-C6F003CE733D}"
EndProject
Project("{9A19103F-16F7-4668-BE54-9A1E7A4F7556}") = "xdcb.FormServices.Application", "modules\FormServices\xdcb.FormServices.Application\xdcb.FormServices.Application.csproj", "{97FC01DB-DBC8-4E3A-BD4C-257C800F4447}"
EndProject
Project("{9A19103F-16F7-4668-BE54-9A1E7A4F7556}") = "xdcb.FormServices.Application.Contracts", "modules\FormServices\xdcb.FormServices.Application.Contracts\xdcb.FormServices.Application.Contracts.csproj", "{FE4EF886-89AA-4348-BA1B-0F3B7F771717}"
EndProject
Project("{9A19103F-16F7-4668-BE54-9A1E7A4F7556}") = "xdcb.FormServices.Domain", "modules\FormServices\xdcb.FormServices.Domain\xdcb.FormServices.Domain.csproj", "{F0D81993-1059-49A4-88FB-91D78C54B467}"
EndProject
Project("{9A19103F-16F7-4668-BE54-9A1E7A4F7556}") = "xdcb.FormServices.Domain.Shared", "modules\FormServices\xdcb.FormServices.Domain.Shared\xdcb.FormServices.Domain.Shared.csproj", "{8529084D-4D19-47B7-8554-8B54302A185C}"
EndProject
Project("{9A19103F-16F7-4668-BE54-9A1E7A4F7556}") = "xdcb.FormServices.EntityFrameworkCore", "modules\FormServices\xdcb.FormServices.EntityFrameworkCore\xdcb.FormServices.EntityFrameworkCore.csproj", "{60153438-B95B-4968-BCAF-CC5E4CF42033}"
EndProject
Project("{9A19103F-16F7-4668-BE54-9A1E7A4F7556}") = "xdcb.FormServices.EntityFrameworkCore.DbMigrations", "modules\FormServices\xdcb.FormServices.EntityFrameworkCore.DbMigrations\xdcb.FormServices.EntityFrameworkCore.DbMigrations.csproj", "{2BC2B090-99AF-484B-8005-9CC830BBA5B2}"
EndProject
Project("{9A19103F-16F7-4668-BE54-9A1E7A4F7556}") = "xdcb.HoSoCongTrinh.EfCore.DbMigrations", "modules\HoSoCongTrinh\xdcb.HoSoCongTrinh.EfCore.DbMigrations\xdcb.HoSoCongTrinh.EfCore.DbMigrations.csproj", "{0E334082-6CAD-4AB8-8B97-A49C110989CA}"
EndProject
Project("{2150E333-8FDC-42A3-9474-1A3956D46DE8}") = "ReportGenerator", "ReportGenerator", "{9F286A59-BDA0-4908-86C2-3E078151400A}"
EndProject
Project("{9A19103F-16F7-4668-BE54-9A1E7A4F7556}") = "Report", "modules\ReportGenerator\Report\Report.csproj", "{4EE944CD-C08D-4666-94C9-8EA9FEEC45E6}"
EndProject
Project("{9A19103F-16F7-4668-BE54-9A1E7A4F7556}") = "OpenXMLTemplates", "modules\ReportGenerator\OpenXMLTemplates\OpenXMLTemplates.csproj", "{E9D5F593-6883-44BC-B254-5FB0B62F4CD6}"
EndProject
Global
	GlobalSection(SolutionConfigurationPlatforms) = preSolution
		Debug|Any CPU = Debug|Any CPU
		Release|Any CPU = Release|Any CPU
	EndGlobalSection
	GlobalSection(ProjectConfigurationPlatforms) = postSolution
		{554AD327-6DBA-4F8F-96F8-81CE7A0C863F}.Debug|Any CPU.ActiveCfg = Debug|Any CPU
		{554AD327-6DBA-4F8F-96F8-81CE7A0C863F}.Debug|Any CPU.Build.0 = Debug|Any CPU
		{554AD327-6DBA-4F8F-96F8-81CE7A0C863F}.Release|Any CPU.ActiveCfg = Release|Any CPU
		{554AD327-6DBA-4F8F-96F8-81CE7A0C863F}.Release|Any CPU.Build.0 = Release|Any CPU
		{1A94A50E-06DC-43C1-80B5-B662820EC3EB}.Debug|Any CPU.ActiveCfg = Debug|Any CPU
		{1A94A50E-06DC-43C1-80B5-B662820EC3EB}.Debug|Any CPU.Build.0 = Debug|Any CPU
		{1A94A50E-06DC-43C1-80B5-B662820EC3EB}.Release|Any CPU.ActiveCfg = Release|Any CPU
		{1A94A50E-06DC-43C1-80B5-B662820EC3EB}.Release|Any CPU.Build.0 = Release|Any CPU
		{C956DD76-69C8-4A9C-83EA-D17DF83340FD}.Debug|Any CPU.ActiveCfg = Debug|Any CPU
		{C956DD76-69C8-4A9C-83EA-D17DF83340FD}.Debug|Any CPU.Build.0 = Debug|Any CPU
		{C956DD76-69C8-4A9C-83EA-D17DF83340FD}.Release|Any CPU.ActiveCfg = Release|Any CPU
		{C956DD76-69C8-4A9C-83EA-D17DF83340FD}.Release|Any CPU.Build.0 = Release|Any CPU
		{068855E8-9240-4F1A-910B-CF825794513B}.Debug|Any CPU.ActiveCfg = Debug|Any CPU
		{068855E8-9240-4F1A-910B-CF825794513B}.Debug|Any CPU.Build.0 = Debug|Any CPU
		{068855E8-9240-4F1A-910B-CF825794513B}.Release|Any CPU.ActiveCfg = Release|Any CPU
		{068855E8-9240-4F1A-910B-CF825794513B}.Release|Any CPU.Build.0 = Release|Any CPU
		{50B2631D-129C-47B3-A587-029CCD6099BC}.Debug|Any CPU.ActiveCfg = Debug|Any CPU
		{50B2631D-129C-47B3-A587-029CCD6099BC}.Debug|Any CPU.Build.0 = Debug|Any CPU
		{50B2631D-129C-47B3-A587-029CCD6099BC}.Release|Any CPU.ActiveCfg = Release|Any CPU
		{50B2631D-129C-47B3-A587-029CCD6099BC}.Release|Any CPU.Build.0 = Release|Any CPU
		{5F1B28C6-8D0C-4155-92D0-252F7EA5F674}.Debug|Any CPU.ActiveCfg = Debug|Any CPU
		{5F1B28C6-8D0C-4155-92D0-252F7EA5F674}.Debug|Any CPU.Build.0 = Debug|Any CPU
		{5F1B28C6-8D0C-4155-92D0-252F7EA5F674}.Release|Any CPU.ActiveCfg = Release|Any CPU
		{5F1B28C6-8D0C-4155-92D0-252F7EA5F674}.Release|Any CPU.Build.0 = Release|Any CPU
		{0372FA84-C517-4EB3-9A9F-B9ACAC0CA5E0}.Debug|Any CPU.ActiveCfg = Debug|Any CPU
		{0372FA84-C517-4EB3-9A9F-B9ACAC0CA5E0}.Debug|Any CPU.Build.0 = Debug|Any CPU
		{0372FA84-C517-4EB3-9A9F-B9ACAC0CA5E0}.Release|Any CPU.ActiveCfg = Release|Any CPU
		{0372FA84-C517-4EB3-9A9F-B9ACAC0CA5E0}.Release|Any CPU.Build.0 = Release|Any CPU
		{42F719ED-8413-4895-B5B4-5AB56079BC66}.Debug|Any CPU.ActiveCfg = Debug|Any CPU
		{42F719ED-8413-4895-B5B4-5AB56079BC66}.Debug|Any CPU.Build.0 = Debug|Any CPU
		{42F719ED-8413-4895-B5B4-5AB56079BC66}.Release|Any CPU.ActiveCfg = Release|Any CPU
		{42F719ED-8413-4895-B5B4-5AB56079BC66}.Release|Any CPU.Build.0 = Release|Any CPU
		{520659C8-C734-4298-A3DA-B539DB9DFC0B}.Debug|Any CPU.ActiveCfg = Debug|Any CPU
		{520659C8-C734-4298-A3DA-B539DB9DFC0B}.Debug|Any CPU.Build.0 = Debug|Any CPU
		{520659C8-C734-4298-A3DA-B539DB9DFC0B}.Release|Any CPU.ActiveCfg = Release|Any CPU
		{520659C8-C734-4298-A3DA-B539DB9DFC0B}.Release|Any CPU.Build.0 = Release|Any CPU
		{4164BDF7-F527-4E85-9CE6-E3C2D7426A27}.Debug|Any CPU.ActiveCfg = Debug|Any CPU
		{4164BDF7-F527-4E85-9CE6-E3C2D7426A27}.Debug|Any CPU.Build.0 = Debug|Any CPU
		{4164BDF7-F527-4E85-9CE6-E3C2D7426A27}.Release|Any CPU.ActiveCfg = Release|Any CPU
		{4164BDF7-F527-4E85-9CE6-E3C2D7426A27}.Release|Any CPU.Build.0 = Release|Any CPU
		{3B5A0094-670D-4BB1-BFDD-61B88A8773DC}.Debug|Any CPU.ActiveCfg = Debug|Any CPU
		{3B5A0094-670D-4BB1-BFDD-61B88A8773DC}.Debug|Any CPU.Build.0 = Debug|Any CPU
		{3B5A0094-670D-4BB1-BFDD-61B88A8773DC}.Release|Any CPU.ActiveCfg = Release|Any CPU
		{3B5A0094-670D-4BB1-BFDD-61B88A8773DC}.Release|Any CPU.Build.0 = Release|Any CPU
		{1FE30EB9-74A9-47F5-A9F6-7B1FAB672D81}.Debug|Any CPU.ActiveCfg = Debug|Any CPU
		{1FE30EB9-74A9-47F5-A9F6-7B1FAB672D81}.Debug|Any CPU.Build.0 = Debug|Any CPU
		{1FE30EB9-74A9-47F5-A9F6-7B1FAB672D81}.Release|Any CPU.ActiveCfg = Release|Any CPU
		{1FE30EB9-74A9-47F5-A9F6-7B1FAB672D81}.Release|Any CPU.Build.0 = Release|Any CPU
		{91853F21-9CD9-4132-BC29-A7D5D84FFFE7}.Debug|Any CPU.ActiveCfg = Debug|Any CPU
		{91853F21-9CD9-4132-BC29-A7D5D84FFFE7}.Debug|Any CPU.Build.0 = Debug|Any CPU
		{91853F21-9CD9-4132-BC29-A7D5D84FFFE7}.Release|Any CPU.ActiveCfg = Release|Any CPU
		{91853F21-9CD9-4132-BC29-A7D5D84FFFE7}.Release|Any CPU.Build.0 = Release|Any CPU
		{E512F4D9-9375-480F-A2F6-A46509F9D824}.Debug|Any CPU.ActiveCfg = Debug|Any CPU
		{E512F4D9-9375-480F-A2F6-A46509F9D824}.Debug|Any CPU.Build.0 = Debug|Any CPU
		{E512F4D9-9375-480F-A2F6-A46509F9D824}.Release|Any CPU.ActiveCfg = Release|Any CPU
		{E512F4D9-9375-480F-A2F6-A46509F9D824}.Release|Any CPU.Build.0 = Release|Any CPU
		{EF480016-9127-4916-8735-D2466BDBC582}.Debug|Any CPU.ActiveCfg = Debug|Any CPU
		{EF480016-9127-4916-8735-D2466BDBC582}.Debug|Any CPU.Build.0 = Debug|Any CPU
		{EF480016-9127-4916-8735-D2466BDBC582}.Release|Any CPU.ActiveCfg = Release|Any CPU
		{EF480016-9127-4916-8735-D2466BDBC582}.Release|Any CPU.Build.0 = Release|Any CPU
		{AA94D832-1CCC-4715-95A9-A483F23A1A5D}.Debug|Any CPU.ActiveCfg = Debug|Any CPU
		{AA94D832-1CCC-4715-95A9-A483F23A1A5D}.Debug|Any CPU.Build.0 = Debug|Any CPU
		{AA94D832-1CCC-4715-95A9-A483F23A1A5D}.Release|Any CPU.ActiveCfg = Release|Any CPU
		{AA94D832-1CCC-4715-95A9-A483F23A1A5D}.Release|Any CPU.Build.0 = Release|Any CPU
		{8C054A93-C919-4316-A73E-2C6E0F164E0F}.Debug|Any CPU.ActiveCfg = Debug|Any CPU
		{8C054A93-C919-4316-A73E-2C6E0F164E0F}.Debug|Any CPU.Build.0 = Debug|Any CPU
		{8C054A93-C919-4316-A73E-2C6E0F164E0F}.Release|Any CPU.ActiveCfg = Release|Any CPU
		{8C054A93-C919-4316-A73E-2C6E0F164E0F}.Release|Any CPU.Build.0 = Release|Any CPU
		{429D7C5E-AAF2-4D70-B8A7-B9FE66655D2F}.Debug|Any CPU.ActiveCfg = Debug|Any CPU
		{429D7C5E-AAF2-4D70-B8A7-B9FE66655D2F}.Debug|Any CPU.Build.0 = Debug|Any CPU
		{429D7C5E-AAF2-4D70-B8A7-B9FE66655D2F}.Release|Any CPU.ActiveCfg = Release|Any CPU
		{429D7C5E-AAF2-4D70-B8A7-B9FE66655D2F}.Release|Any CPU.Build.0 = Release|Any CPU
		{66FA611D-B322-49DB-95FD-61A95980A11E}.Debug|Any CPU.ActiveCfg = Debug|Any CPU
		{66FA611D-B322-49DB-95FD-61A95980A11E}.Debug|Any CPU.Build.0 = Debug|Any CPU
		{66FA611D-B322-49DB-95FD-61A95980A11E}.Release|Any CPU.ActiveCfg = Release|Any CPU
		{66FA611D-B322-49DB-95FD-61A95980A11E}.Release|Any CPU.Build.0 = Release|Any CPU
		{0BB10AFD-BA61-4BED-BDB3-E118E14F16BE}.Debug|Any CPU.ActiveCfg = Debug|Any CPU
		{0BB10AFD-BA61-4BED-BDB3-E118E14F16BE}.Debug|Any CPU.Build.0 = Debug|Any CPU
		{0BB10AFD-BA61-4BED-BDB3-E118E14F16BE}.Release|Any CPU.ActiveCfg = Release|Any CPU
		{0BB10AFD-BA61-4BED-BDB3-E118E14F16BE}.Release|Any CPU.Build.0 = Release|Any CPU
		{FC24D2DC-A7F9-4E3C-9C95-3781C915A46F}.Debug|Any CPU.ActiveCfg = Debug|Any CPU
		{FC24D2DC-A7F9-4E3C-9C95-3781C915A46F}.Debug|Any CPU.Build.0 = Debug|Any CPU
		{FC24D2DC-A7F9-4E3C-9C95-3781C915A46F}.Release|Any CPU.ActiveCfg = Release|Any CPU
		{FC24D2DC-A7F9-4E3C-9C95-3781C915A46F}.Release|Any CPU.Build.0 = Release|Any CPU
		{E3C675DA-98D3-4C25-8345-C9A583D0F19D}.Debug|Any CPU.ActiveCfg = Debug|Any CPU
		{E3C675DA-98D3-4C25-8345-C9A583D0F19D}.Debug|Any CPU.Build.0 = Debug|Any CPU
		{E3C675DA-98D3-4C25-8345-C9A583D0F19D}.Release|Any CPU.ActiveCfg = Release|Any CPU
		{E3C675DA-98D3-4C25-8345-C9A583D0F19D}.Release|Any CPU.Build.0 = Release|Any CPU
		{BC389464-6578-4B4E-8613-4978FA93ADC7}.Debug|Any CPU.ActiveCfg = Debug|Any CPU
		{BC389464-6578-4B4E-8613-4978FA93ADC7}.Debug|Any CPU.Build.0 = Debug|Any CPU
		{BC389464-6578-4B4E-8613-4978FA93ADC7}.Release|Any CPU.ActiveCfg = Release|Any CPU
		{BC389464-6578-4B4E-8613-4978FA93ADC7}.Release|Any CPU.Build.0 = Release|Any CPU
		{EF9E2FCE-F82E-4FE5-831D-9ED66339EA2E}.Debug|Any CPU.ActiveCfg = Debug|Any CPU
		{EF9E2FCE-F82E-4FE5-831D-9ED66339EA2E}.Debug|Any CPU.Build.0 = Debug|Any CPU
		{EF9E2FCE-F82E-4FE5-831D-9ED66339EA2E}.Release|Any CPU.ActiveCfg = Release|Any CPU
		{EF9E2FCE-F82E-4FE5-831D-9ED66339EA2E}.Release|Any CPU.Build.0 = Release|Any CPU
		{FBA52AA6-A30A-4C6F-9DD8-4DC63F95D265}.Debug|Any CPU.ActiveCfg = Debug|Any CPU
		{FBA52AA6-A30A-4C6F-9DD8-4DC63F95D265}.Debug|Any CPU.Build.0 = Debug|Any CPU
		{FBA52AA6-A30A-4C6F-9DD8-4DC63F95D265}.Release|Any CPU.ActiveCfg = Release|Any CPU
		{FBA52AA6-A30A-4C6F-9DD8-4DC63F95D265}.Release|Any CPU.Build.0 = Release|Any CPU
		{C0AF8778-4EA9-469D-828C-9CD6AD8EBD3C}.Debug|Any CPU.ActiveCfg = Debug|Any CPU
		{C0AF8778-4EA9-469D-828C-9CD6AD8EBD3C}.Debug|Any CPU.Build.0 = Debug|Any CPU
		{C0AF8778-4EA9-469D-828C-9CD6AD8EBD3C}.Release|Any CPU.ActiveCfg = Release|Any CPU
		{C0AF8778-4EA9-469D-828C-9CD6AD8EBD3C}.Release|Any CPU.Build.0 = Release|Any CPU
		{958A4B2A-CDA6-4D3D-A53D-C11D45F753E6}.Debug|Any CPU.ActiveCfg = Debug|Any CPU
		{958A4B2A-CDA6-4D3D-A53D-C11D45F753E6}.Debug|Any CPU.Build.0 = Debug|Any CPU
		{958A4B2A-CDA6-4D3D-A53D-C11D45F753E6}.Release|Any CPU.ActiveCfg = Release|Any CPU
		{958A4B2A-CDA6-4D3D-A53D-C11D45F753E6}.Release|Any CPU.Build.0 = Release|Any CPU
		{D11544F2-EDA8-49D7-85AF-C9E24553C74B}.Debug|Any CPU.ActiveCfg = Debug|Any CPU
		{D11544F2-EDA8-49D7-85AF-C9E24553C74B}.Debug|Any CPU.Build.0 = Debug|Any CPU
		{D11544F2-EDA8-49D7-85AF-C9E24553C74B}.Release|Any CPU.ActiveCfg = Release|Any CPU
		{D11544F2-EDA8-49D7-85AF-C9E24553C74B}.Release|Any CPU.Build.0 = Release|Any CPU
		{45F67314-4A21-4A97-AB9F-1CF39BF87EA3}.Debug|Any CPU.ActiveCfg = Debug|Any CPU
		{45F67314-4A21-4A97-AB9F-1CF39BF87EA3}.Debug|Any CPU.Build.0 = Debug|Any CPU
		{45F67314-4A21-4A97-AB9F-1CF39BF87EA3}.Release|Any CPU.ActiveCfg = Release|Any CPU
		{45F67314-4A21-4A97-AB9F-1CF39BF87EA3}.Release|Any CPU.Build.0 = Release|Any CPU
		{46A8BADC-E9A8-4DC0-8701-DBB80A106CD9}.Debug|Any CPU.ActiveCfg = Debug|Any CPU
		{46A8BADC-E9A8-4DC0-8701-DBB80A106CD9}.Debug|Any CPU.Build.0 = Debug|Any CPU
		{46A8BADC-E9A8-4DC0-8701-DBB80A106CD9}.Release|Any CPU.ActiveCfg = Release|Any CPU
		{46A8BADC-E9A8-4DC0-8701-DBB80A106CD9}.Release|Any CPU.Build.0 = Release|Any CPU
		{1627D5FD-387D-4A2C-92C1-696B40733BC5}.Debug|Any CPU.ActiveCfg = Debug|Any CPU
		{1627D5FD-387D-4A2C-92C1-696B40733BC5}.Debug|Any CPU.Build.0 = Debug|Any CPU
		{1627D5FD-387D-4A2C-92C1-696B40733BC5}.Release|Any CPU.ActiveCfg = Release|Any CPU
		{1627D5FD-387D-4A2C-92C1-696B40733BC5}.Release|Any CPU.Build.0 = Release|Any CPU
		{B11718FB-C515-4DD0-A86A-98892820C812}.Debug|Any CPU.ActiveCfg = Debug|Any CPU
		{B11718FB-C515-4DD0-A86A-98892820C812}.Debug|Any CPU.Build.0 = Debug|Any CPU
		{B11718FB-C515-4DD0-A86A-98892820C812}.Release|Any CPU.ActiveCfg = Release|Any CPU
		{B11718FB-C515-4DD0-A86A-98892820C812}.Release|Any CPU.Build.0 = Release|Any CPU
		{B873790C-744A-4E3E-A085-8731E4C4F7C0}.Debug|Any CPU.ActiveCfg = Debug|Any CPU
		{B873790C-744A-4E3E-A085-8731E4C4F7C0}.Debug|Any CPU.Build.0 = Debug|Any CPU
		{B873790C-744A-4E3E-A085-8731E4C4F7C0}.Release|Any CPU.ActiveCfg = Release|Any CPU
		{B873790C-744A-4E3E-A085-8731E4C4F7C0}.Release|Any CPU.Build.0 = Release|Any CPU
		{3BF0A26C-CB8B-495F-BB8B-88FF1C3C1510}.Debug|Any CPU.ActiveCfg = Debug|Any CPU
		{3BF0A26C-CB8B-495F-BB8B-88FF1C3C1510}.Debug|Any CPU.Build.0 = Debug|Any CPU
		{3BF0A26C-CB8B-495F-BB8B-88FF1C3C1510}.Release|Any CPU.ActiveCfg = Release|Any CPU
		{3BF0A26C-CB8B-495F-BB8B-88FF1C3C1510}.Release|Any CPU.Build.0 = Release|Any CPU
		{EB43CA7D-1A50-44B2-AF20-38FC0CE2FEF7}.Debug|Any CPU.ActiveCfg = Debug|Any CPU
		{EB43CA7D-1A50-44B2-AF20-38FC0CE2FEF7}.Debug|Any CPU.Build.0 = Debug|Any CPU
		{EB43CA7D-1A50-44B2-AF20-38FC0CE2FEF7}.Release|Any CPU.ActiveCfg = Release|Any CPU
		{EB43CA7D-1A50-44B2-AF20-38FC0CE2FEF7}.Release|Any CPU.Build.0 = Release|Any CPU
		{D801BD65-C800-453C-B160-2F590DA25648}.Debug|Any CPU.ActiveCfg = Debug|Any CPU
		{D801BD65-C800-453C-B160-2F590DA25648}.Debug|Any CPU.Build.0 = Debug|Any CPU
		{D801BD65-C800-453C-B160-2F590DA25648}.Release|Any CPU.ActiveCfg = Release|Any CPU
		{D801BD65-C800-453C-B160-2F590DA25648}.Release|Any CPU.Build.0 = Release|Any CPU
		{17628911-00FE-4BD1-AE0B-DD4328CF4A18}.Debug|Any CPU.ActiveCfg = Debug|Any CPU
		{17628911-00FE-4BD1-AE0B-DD4328CF4A18}.Debug|Any CPU.Build.0 = Debug|Any CPU
		{17628911-00FE-4BD1-AE0B-DD4328CF4A18}.Release|Any CPU.ActiveCfg = Release|Any CPU
		{17628911-00FE-4BD1-AE0B-DD4328CF4A18}.Release|Any CPU.Build.0 = Release|Any CPU
		{6C7320EE-358D-4490-ACF3-3E6E94B0CCF1}.Debug|Any CPU.ActiveCfg = Debug|Any CPU
		{6C7320EE-358D-4490-ACF3-3E6E94B0CCF1}.Debug|Any CPU.Build.0 = Debug|Any CPU
		{6C7320EE-358D-4490-ACF3-3E6E94B0CCF1}.Release|Any CPU.ActiveCfg = Release|Any CPU
		{6C7320EE-358D-4490-ACF3-3E6E94B0CCF1}.Release|Any CPU.Build.0 = Release|Any CPU
		{A15A24D1-5A46-48F4-B56C-E38A24FA66F1}.Debug|Any CPU.ActiveCfg = Debug|Any CPU
		{A15A24D1-5A46-48F4-B56C-E38A24FA66F1}.Debug|Any CPU.Build.0 = Debug|Any CPU
		{A15A24D1-5A46-48F4-B56C-E38A24FA66F1}.Release|Any CPU.ActiveCfg = Release|Any CPU
		{A15A24D1-5A46-48F4-B56C-E38A24FA66F1}.Release|Any CPU.Build.0 = Release|Any CPU
		{53B3B03D-411D-4D97-B014-F445D0349F5D}.Debug|Any CPU.ActiveCfg = Debug|Any CPU
		{53B3B03D-411D-4D97-B014-F445D0349F5D}.Debug|Any CPU.Build.0 = Debug|Any CPU
		{53B3B03D-411D-4D97-B014-F445D0349F5D}.Release|Any CPU.ActiveCfg = Release|Any CPU
		{53B3B03D-411D-4D97-B014-F445D0349F5D}.Release|Any CPU.Build.0 = Release|Any CPU
		{C18CEAD8-DF5E-4055-A24F-2A0495B29A19}.Debug|Any CPU.ActiveCfg = Debug|Any CPU
		{C18CEAD8-DF5E-4055-A24F-2A0495B29A19}.Debug|Any CPU.Build.0 = Debug|Any CPU
		{C18CEAD8-DF5E-4055-A24F-2A0495B29A19}.Release|Any CPU.ActiveCfg = Release|Any CPU
		{C18CEAD8-DF5E-4055-A24F-2A0495B29A19}.Release|Any CPU.Build.0 = Release|Any CPU
		{A361E871-4515-4123-AB3C-060F26FE343B}.Debug|Any CPU.ActiveCfg = Debug|Any CPU
		{A361E871-4515-4123-AB3C-060F26FE343B}.Debug|Any CPU.Build.0 = Debug|Any CPU
		{A361E871-4515-4123-AB3C-060F26FE343B}.Release|Any CPU.ActiveCfg = Release|Any CPU
		{A361E871-4515-4123-AB3C-060F26FE343B}.Release|Any CPU.Build.0 = Release|Any CPU
		{91D3A948-AB3E-44E9-9586-CCAC269B5A88}.Debug|Any CPU.ActiveCfg = Debug|Any CPU
		{91D3A948-AB3E-44E9-9586-CCAC269B5A88}.Debug|Any CPU.Build.0 = Debug|Any CPU
		{91D3A948-AB3E-44E9-9586-CCAC269B5A88}.Release|Any CPU.ActiveCfg = Release|Any CPU
		{91D3A948-AB3E-44E9-9586-CCAC269B5A88}.Release|Any CPU.Build.0 = Release|Any CPU
		{2673527F-2156-4030-AD28-E212CA84FA8C}.Debug|Any CPU.ActiveCfg = Debug|Any CPU
		{2673527F-2156-4030-AD28-E212CA84FA8C}.Debug|Any CPU.Build.0 = Debug|Any CPU
		{2673527F-2156-4030-AD28-E212CA84FA8C}.Release|Any CPU.ActiveCfg = Release|Any CPU
		{2673527F-2156-4030-AD28-E212CA84FA8C}.Release|Any CPU.Build.0 = Release|Any CPU
		{406BA71D-BD89-41EE-846C-ECAC6CB98BA4}.Debug|Any CPU.ActiveCfg = Debug|Any CPU
		{406BA71D-BD89-41EE-846C-ECAC6CB98BA4}.Debug|Any CPU.Build.0 = Debug|Any CPU
		{406BA71D-BD89-41EE-846C-ECAC6CB98BA4}.Release|Any CPU.ActiveCfg = Release|Any CPU
		{406BA71D-BD89-41EE-846C-ECAC6CB98BA4}.Release|Any CPU.Build.0 = Release|Any CPU
		{97FC01DB-DBC8-4E3A-BD4C-257C800F4447}.Debug|Any CPU.ActiveCfg = Debug|Any CPU
		{97FC01DB-DBC8-4E3A-BD4C-257C800F4447}.Debug|Any CPU.Build.0 = Debug|Any CPU
		{97FC01DB-DBC8-4E3A-BD4C-257C800F4447}.Release|Any CPU.ActiveCfg = Release|Any CPU
		{97FC01DB-DBC8-4E3A-BD4C-257C800F4447}.Release|Any CPU.Build.0 = Release|Any CPU
		{FE4EF886-89AA-4348-BA1B-0F3B7F771717}.Debug|Any CPU.ActiveCfg = Debug|Any CPU
		{FE4EF886-89AA-4348-BA1B-0F3B7F771717}.Debug|Any CPU.Build.0 = Debug|Any CPU
		{FE4EF886-89AA-4348-BA1B-0F3B7F771717}.Release|Any CPU.ActiveCfg = Release|Any CPU
		{FE4EF886-89AA-4348-BA1B-0F3B7F771717}.Release|Any CPU.Build.0 = Release|Any CPU
		{F0D81993-1059-49A4-88FB-91D78C54B467}.Debug|Any CPU.ActiveCfg = Debug|Any CPU
		{F0D81993-1059-49A4-88FB-91D78C54B467}.Debug|Any CPU.Build.0 = Debug|Any CPU
		{F0D81993-1059-49A4-88FB-91D78C54B467}.Release|Any CPU.ActiveCfg = Release|Any CPU
		{F0D81993-1059-49A4-88FB-91D78C54B467}.Release|Any CPU.Build.0 = Release|Any CPU
		{8529084D-4D19-47B7-8554-8B54302A185C}.Debug|Any CPU.ActiveCfg = Debug|Any CPU
		{8529084D-4D19-47B7-8554-8B54302A185C}.Debug|Any CPU.Build.0 = Debug|Any CPU
		{8529084D-4D19-47B7-8554-8B54302A185C}.Release|Any CPU.ActiveCfg = Release|Any CPU
		{8529084D-4D19-47B7-8554-8B54302A185C}.Release|Any CPU.Build.0 = Release|Any CPU
		{60153438-B95B-4968-BCAF-CC5E4CF42033}.Debug|Any CPU.ActiveCfg = Debug|Any CPU
		{60153438-B95B-4968-BCAF-CC5E4CF42033}.Debug|Any CPU.Build.0 = Debug|Any CPU
		{60153438-B95B-4968-BCAF-CC5E4CF42033}.Release|Any CPU.ActiveCfg = Release|Any CPU
		{60153438-B95B-4968-BCAF-CC5E4CF42033}.Release|Any CPU.Build.0 = Release|Any CPU
		{2BC2B090-99AF-484B-8005-9CC830BBA5B2}.Debug|Any CPU.ActiveCfg = Debug|Any CPU
		{2BC2B090-99AF-484B-8005-9CC830BBA5B2}.Debug|Any CPU.Build.0 = Debug|Any CPU
		{2BC2B090-99AF-484B-8005-9CC830BBA5B2}.Release|Any CPU.ActiveCfg = Release|Any CPU
		{2BC2B090-99AF-484B-8005-9CC830BBA5B2}.Release|Any CPU.Build.0 = Release|Any CPU
		{0E334082-6CAD-4AB8-8B97-A49C110989CA}.Debug|Any CPU.ActiveCfg = Debug|Any CPU
		{0E334082-6CAD-4AB8-8B97-A49C110989CA}.Debug|Any CPU.Build.0 = Debug|Any CPU
		{0E334082-6CAD-4AB8-8B97-A49C110989CA}.Release|Any CPU.ActiveCfg = Release|Any CPU
		{0E334082-6CAD-4AB8-8B97-A49C110989CA}.Release|Any CPU.Build.0 = Release|Any CPU
		{4EE944CD-C08D-4666-94C9-8EA9FEEC45E6}.Debug|Any CPU.ActiveCfg = Debug|Any CPU
		{4EE944CD-C08D-4666-94C9-8EA9FEEC45E6}.Debug|Any CPU.Build.0 = Debug|Any CPU
		{4EE944CD-C08D-4666-94C9-8EA9FEEC45E6}.Release|Any CPU.ActiveCfg = Release|Any CPU
		{4EE944CD-C08D-4666-94C9-8EA9FEEC45E6}.Release|Any CPU.Build.0 = Release|Any CPU
		{E9D5F593-6883-44BC-B254-5FB0B62F4CD6}.Debug|Any CPU.ActiveCfg = Debug|Any CPU
		{E9D5F593-6883-44BC-B254-5FB0B62F4CD6}.Debug|Any CPU.Build.0 = Debug|Any CPU
		{E9D5F593-6883-44BC-B254-5FB0B62F4CD6}.Release|Any CPU.ActiveCfg = Release|Any CPU
		{E9D5F593-6883-44BC-B254-5FB0B62F4CD6}.Release|Any CPU.Build.0 = Release|Any CPU
	EndGlobalSection
	GlobalSection(SolutionProperties) = preSolution
		HideSolutionNode = FALSE
	EndGlobalSection
	GlobalSection(NestedProjects) = preSolution
		{554AD327-6DBA-4F8F-96F8-81CE7A0C863F} = {CA9AC87F-097E-4F15-8393-4BC07735A5B0}
		{1A94A50E-06DC-43C1-80B5-B662820EC3EB} = {CA9AC87F-097E-4F15-8393-4BC07735A5B0}
		{C956DD76-69C8-4A9C-83EA-D17DF83340FD} = {CA9AC87F-097E-4F15-8393-4BC07735A5B0}
		{068855E8-9240-4F1A-910B-CF825794513B} = {CA9AC87F-097E-4F15-8393-4BC07735A5B0}
		{50B2631D-129C-47B3-A587-029CCD6099BC} = {04DBDB01-70F4-4E06-B468-8F87850B22BE}
		{5F1B28C6-8D0C-4155-92D0-252F7EA5F674} = {04DBDB01-70F4-4E06-B468-8F87850B22BE}
		{0372FA84-C517-4EB3-9A9F-B9ACAC0CA5E0} = {CA9AC87F-097E-4F15-8393-4BC07735A5B0}
		{42F719ED-8413-4895-B5B4-5AB56079BC66} = {CA9AC87F-097E-4F15-8393-4BC07735A5B0}
		{520659C8-C734-4298-A3DA-B539DB9DFC0B} = {CA9AC87F-097E-4F15-8393-4BC07735A5B0}
		{4164BDF7-F527-4E85-9CE6-E3C2D7426A27} = {CA9AC87F-097E-4F15-8393-4BC07735A5B0}
		{3B5A0094-670D-4BB1-BFDD-61B88A8773DC} = {CA9AC87F-097E-4F15-8393-4BC07735A5B0}
		{1FE30EB9-74A9-47F5-A9F6-7B1FAB672D81} = {04DBDB01-70F4-4E06-B468-8F87850B22BE}
		{91853F21-9CD9-4132-BC29-A7D5D84FFFE7} = {04DBDB01-70F4-4E06-B468-8F87850B22BE}
		{E512F4D9-9375-480F-A2F6-A46509F9D824} = {04DBDB01-70F4-4E06-B468-8F87850B22BE}
		{EF480016-9127-4916-8735-D2466BDBC582} = {04DBDB01-70F4-4E06-B468-8F87850B22BE}
		{AA94D832-1CCC-4715-95A9-A483F23A1A5D} = {CA9AC87F-097E-4F15-8393-4BC07735A5B0}
		{B27C32A3-C419-4E6D-A002-E76A2B07FFA3} = {B14BA768-B552-4223-8DA7-347C0D1B7032}
		{C573C891-B251-461C-A33E-8664B7DDEFBC} = {B14BA768-B552-4223-8DA7-347C0D1B7032}
		{8C054A93-C919-4316-A73E-2C6E0F164E0F} = {C573C891-B251-461C-A33E-8664B7DDEFBC}
		{429D7C5E-AAF2-4D70-B8A7-B9FE66655D2F} = {C573C891-B251-461C-A33E-8664B7DDEFBC}
		{66FA611D-B322-49DB-95FD-61A95980A11E} = {C573C891-B251-461C-A33E-8664B7DDEFBC}
		{0BB10AFD-BA61-4BED-BDB3-E118E14F16BE} = {C573C891-B251-461C-A33E-8664B7DDEFBC}
		{FC24D2DC-A7F9-4E3C-9C95-3781C915A46F} = {C573C891-B251-461C-A33E-8664B7DDEFBC}
		{E3C675DA-98D3-4C25-8345-C9A583D0F19D} = {C573C891-B251-461C-A33E-8664B7DDEFBC}
		{7C322981-A4D4-4CE5-9526-B814E5122FF6} = {B14BA768-B552-4223-8DA7-347C0D1B7032}
		{BC389464-6578-4B4E-8613-4978FA93ADC7} = {7C322981-A4D4-4CE5-9526-B814E5122FF6}
		{EF9E2FCE-F82E-4FE5-831D-9ED66339EA2E} = {7C322981-A4D4-4CE5-9526-B814E5122FF6}
		{FBA52AA6-A30A-4C6F-9DD8-4DC63F95D265} = {7C322981-A4D4-4CE5-9526-B814E5122FF6}
		{C0AF8778-4EA9-469D-828C-9CD6AD8EBD3C} = {7C322981-A4D4-4CE5-9526-B814E5122FF6}
		{958A4B2A-CDA6-4D3D-A53D-C11D45F753E6} = {7C322981-A4D4-4CE5-9526-B814E5122FF6}
		{D11544F2-EDA8-49D7-85AF-C9E24553C74B} = {7C322981-A4D4-4CE5-9526-B814E5122FF6}
		{45F67314-4A21-4A97-AB9F-1CF39BF87EA3} = {7C322981-A4D4-4CE5-9526-B814E5122FF6}
		{46A8BADC-E9A8-4DC0-8701-DBB80A106CD9} = {B27C32A3-C419-4E6D-A002-E76A2B07FFA3}
		{1627D5FD-387D-4A2C-92C1-696B40733BC5} = {B27C32A3-C419-4E6D-A002-E76A2B07FFA3}
		{B11718FB-C515-4DD0-A86A-98892820C812} = {B27C32A3-C419-4E6D-A002-E76A2B07FFA3}
		{B873790C-744A-4E3E-A085-8731E4C4F7C0} = {B27C32A3-C419-4E6D-A002-E76A2B07FFA3}
		{3BF0A26C-CB8B-495F-BB8B-88FF1C3C1510} = {B27C32A3-C419-4E6D-A002-E76A2B07FFA3}
		{EB43CA7D-1A50-44B2-AF20-38FC0CE2FEF7} = {B27C32A3-C419-4E6D-A002-E76A2B07FFA3}
		{D801BD65-C800-453C-B160-2F590DA25648} = {B27C32A3-C419-4E6D-A002-E76A2B07FFA3}
		{17628911-00FE-4BD1-AE0B-DD4328CF4A18} = {79FFA129-3A66-42C0-B1E6-6EFC3FD2338F}
		{2226D6EC-1A35-49B0-A086-9239BF3491B3} = {B14BA768-B552-4223-8DA7-347C0D1B7032}
		{6C7320EE-358D-4490-ACF3-3E6E94B0CCF1} = {2226D6EC-1A35-49B0-A086-9239BF3491B3}
		{A15A24D1-5A46-48F4-B56C-E38A24FA66F1} = {2226D6EC-1A35-49B0-A086-9239BF3491B3}
		{53B3B03D-411D-4D97-B014-F445D0349F5D} = {2226D6EC-1A35-49B0-A086-9239BF3491B3}
		{C18CEAD8-DF5E-4055-A24F-2A0495B29A19} = {2226D6EC-1A35-49B0-A086-9239BF3491B3}
		{A361E871-4515-4123-AB3C-060F26FE343B} = {2226D6EC-1A35-49B0-A086-9239BF3491B3}
		{91D3A948-AB3E-44E9-9586-CCAC269B5A88} = {2226D6EC-1A35-49B0-A086-9239BF3491B3}
		{2673527F-2156-4030-AD28-E212CA84FA8C} = {2226D6EC-1A35-49B0-A086-9239BF3491B3}
		{406BA71D-BD89-41EE-846C-ECAC6CB98BA4} = {2226D6EC-1A35-49B0-A086-9239BF3491B3}
		{3B4CFCCC-5A3F-413C-8C4E-C6F003CE733D} = {B14BA768-B552-4223-8DA7-347C0D1B7032}
		{97FC01DB-DBC8-4E3A-BD4C-257C800F4447} = {3B4CFCCC-5A3F-413C-8C4E-C6F003CE733D}
		{FE4EF886-89AA-4348-BA1B-0F3B7F771717} = {3B4CFCCC-5A3F-413C-8C4E-C6F003CE733D}
		{F0D81993-1059-49A4-88FB-91D78C54B467} = {3B4CFCCC-5A3F-413C-8C4E-C6F003CE733D}
		{8529084D-4D19-47B7-8554-8B54302A185C} = {3B4CFCCC-5A3F-413C-8C4E-C6F003CE733D}
		{60153438-B95B-4968-BCAF-CC5E4CF42033} = {3B4CFCCC-5A3F-413C-8C4E-C6F003CE733D}
		{2BC2B090-99AF-484B-8005-9CC830BBA5B2} = {3B4CFCCC-5A3F-413C-8C4E-C6F003CE733D}
		{0E334082-6CAD-4AB8-8B97-A49C110989CA} = {2226D6EC-1A35-49B0-A086-9239BF3491B3}
		{9F286A59-BDA0-4908-86C2-3E078151400A} = {B14BA768-B552-4223-8DA7-347C0D1B7032}
		{4EE944CD-C08D-4666-94C9-8EA9FEEC45E6} = {9F286A59-BDA0-4908-86C2-3E078151400A}
		{E9D5F593-6883-44BC-B254-5FB0B62F4CD6} = {9F286A59-BDA0-4908-86C2-3E078151400A}
	EndGlobalSection
	GlobalSection(ExtensibilityGlobals) = postSolution
		SolutionGuid = {28315BFD-90E7-4E14-A2EA-F3D23AF4126F}
	EndGlobalSection
EndGlobal
